
Microsoft Visual Studio Solution File, Format Version 12.00
# Visual Studio 15
VisualStudioVersion = 15.0.28307.421
MinimumVisualStudioVersion = 10.0.40219.1
Project("{FAE04EC0-301F-11D3-BF4B-00C04F79EFBC}") = "CodingGameMineSweeper", "CodingGameMineSweeper\CodingGameMineSweeper.csproj", "{C7081418-7BCD-451D-84CF-18F9CE8E15D8}"
EndProject
Global
	GlobalSection(SolutionConfigurationPlatforms) = preSolution
		Debug|Any CPU = Debug|Any CPU
		Release|Any CPU = Release|Any CPU
	EndGlobalSection
	GlobalSection(ProjectConfigurationPlatforms) = postSolution
		{C7081418-7BCD-451D-84CF-18F9CE8E15D8}.Debug|Any CPU.ActiveCfg = Debug|Any CPU
		{C7081418-7BCD-451D-84CF-18F9CE8E15D8}.Debug|Any CPU.Build.0 = Debug|Any CPU
		{C7081418-7BCD-451D-84CF-18F9CE8E15D8}.Release|Any CPU.ActiveCfg = Release|Any CPU
		{C7081418-7BCD-451D-84CF-18F9CE8E15D8}.Release|Any CPU.Build.0 = Release|Any CPU
	EndGlobalSection
	GlobalSection(SolutionProperties) = preSolution
		HideSolutionNode = FALSE
	EndGlobalSection
	GlobalSection(ExtensibilityGlobals) = postSolution
		SolutionGuid = {B3B09713-4EDE-4D3A-98AB-9CB851BFA1B1}
	EndGlobalSection
EndGlobal
